
Microsoft Visual Studio Solution File, Format Version 12.00
# Visual Studio Version 16
VisualStudioVersion = 16.0.30011.22
MinimumVisualStudioVersion = 10.0.40219.1
Project("{FAE04EC0-301F-11D3-BF4B-00C04F79EFBC}") = "Piteda.Android", "Piteda.Android\Piteda.Android.csproj", "{A9B2AD80-0B2C-4D09-8998-A6550E09ADA3}"
EndProject
Project("{FAE04EC0-301F-11D3-BF4B-00C04F79EFBC}") = "Piteda.iOS", "Piteda.iOS\Piteda.iOS.csproj", "{DF539B1F-8172-43EC-8752-6B9F1B76A74A}"
EndProject
Project("{FAE04EC0-301F-11D3-BF4B-00C04F79EFBC}") = "Piteda", "Piteda\Piteda.csproj", "{15E8A59A-EC77-41B2-A6B1-86E323D9032F}"
EndProject
Global
	GlobalSection(SolutionConfigurationPlatforms) = preSolution
		Debug|Any CPU = Debug|Any CPU
		Debug|iPhone = Debug|iPhone
		Debug|iPhoneSimulator = Debug|iPhoneSimulator
		Release|Any CPU = Release|Any CPU
		Release|iPhone = Release|iPhone
		Release|iPhoneSimulator = Release|iPhoneSimulator
	EndGlobalSection
	GlobalSection(ProjectConfigurationPlatforms) = postSolution
		{A9B2AD80-0B2C-4D09-8998-A6550E09ADA3}.Debug|Any CPU.ActiveCfg = Debug|Any CPU
		{A9B2AD80-0B2C-4D09-8998-A6550E09ADA3}.Debug|Any CPU.Build.0 = Debug|Any CPU
		{A9B2AD80-0B2C-4D09-8998-A6550E09ADA3}.Debug|Any CPU.Deploy.0 = Debug|Any CPU
		{A9B2AD80-0B2C-4D09-8998-A6550E09ADA3}.Debug|iPhone.ActiveCfg = Debug|Any CPU
		{A9B2AD80-0B2C-4D09-8998-A6550E09ADA3}.Debug|iPhone.Build.0 = Debug|Any CPU
		{A9B2AD80-0B2C-4D09-8998-A6550E09ADA3}.Debug|iPhone.Deploy.0 = Debug|Any CPU
		{A9B2AD80-0B2C-4D09-8998-A6550E09ADA3}.Debug|iPhoneSimulator.ActiveCfg = Debug|Any CPU
		{A9B2AD80-0B2C-4D09-8998-A6550E09ADA3}.Debug|iPhoneSimulator.Build.0 = Debug|Any CPU
		{A9B2AD80-0B2C-4D09-8998-A6550E09ADA3}.Debug|iPhoneSimulator.Deploy.0 = Debug|Any CPU
		{A9B2AD80-0B2C-4D09-8998-A6550E09ADA3}.Release|Any CPU.ActiveCfg = Release|Any CPU
		{A9B2AD80-0B2C-4D09-8998-A6550E09ADA3}.Release|Any CPU.Build.0 = Release|Any CPU
		{A9B2AD80-0B2C-4D09-8998-A6550E09ADA3}.Release|Any CPU.Deploy.0 = Release|Any CPU
		{A9B2AD80-0B2C-4D09-8998-A6550E09ADA3}.Release|iPhone.ActiveCfg = Release|Any CPU
		{A9B2AD80-0B2C-4D09-8998-A6550E09ADA3}.Release|iPhone.Build.0 = Release|Any CPU
		{A9B2AD80-0B2C-4D09-8998-A6550E09ADA3}.Release|iPhone.Deploy.0 = Release|Any CPU
		{A9B2AD80-0B2C-4D09-8998-A6550E09ADA3}.Release|iPhoneSimulator.ActiveCfg = Release|Any CPU
		{A9B2AD80-0B2C-4D09-8998-A6550E09ADA3}.Release|iPhoneSimulator.Build.0 = Release|Any CPU
		{A9B2AD80-0B2C-4D09-8998-A6550E09ADA3}.Release|iPhoneSimulator.Deploy.0 = Release|Any CPU
		{DF539B1F-8172-43EC-8752-6B9F1B76A74A}.Debug|Any CPU.ActiveCfg = Debug|iPhone
		{DF539B1F-8172-43EC-8752-6B9F1B76A74A}.Debug|Any CPU.Build.0 = Debug|iPhone
		{DF539B1F-8172-43EC-8752-6B9F1B76A74A}.Debug|Any CPU.Deploy.0 = Debug|iPhone
		{DF539B1F-8172-43EC-8752-6B9F1B76A74A}.Debug|iPhone.ActiveCfg = Debug|iPhone
		{DF539B1F-8172-43EC-8752-6B9F1B76A74A}.Debug|iPhone.Build.0 = Debug|iPhone
		{DF539B1F-8172-43EC-8752-6B9F1B76A74A}.Debug|iPhone.Deploy.0 = Debug|iPhone
		{DF539B1F-8172-43EC-8752-6B9F1B76A74A}.Debug|iPhoneSimulator.ActiveCfg = Debug|iPhoneSimulator
		{DF539B1F-8172-43EC-8752-6B9F1B76A74A}.Debug|iPhoneSimulator.Build.0 = Debug|iPhoneSimulator
		{DF539B1F-8172-43EC-8752-6B9F1B76A74A}.Debug|iPhoneSimulator.Deploy.0 = Debug|iPhoneSimulator
		{DF539B1F-8172-43EC-8752-6B9F1B76A74A}.Release|Any CPU.ActiveCfg = Release|iPhone
		{DF539B1F-8172-43EC-8752-6B9F1B76A74A}.Release|Any CPU.Build.0 = Release|iPhone
		{DF539B1F-8172-43EC-8752-6B9F1B76A74A}.Release|Any CPU.Deploy.0 = Release|iPhone
		{DF539B1F-8172-43EC-8752-6B9F1B76A74A}.Release|iPhone.ActiveCfg = Release|iPhone
		{DF539B1F-8172-43EC-8752-6B9F1B76A74A}.Release|iPhone.Build.0 = Release|iPhone
		{DF539B1F-8172-43EC-8752-6B9F1B76A74A}.Release|iPhone.Deploy.0 = Release|iPhone
		{DF539B1F-8172-43EC-8752-6B9F1B76A74A}.Release|iPhoneSimulator.ActiveCfg = Release|iPhoneSimulator
		{DF539B1F-8172-43EC-8752-6B9F1B76A74A}.Release|iPhoneSimulator.Build.0 = Release|iPhoneSimulator
		{DF539B1F-8172-43EC-8752-6B9F1B76A74A}.Release|iPhoneSimulator.Deploy.0 = Release|iPhoneSimulator
		{15E8A59A-EC77-41B2-A6B1-86E323D9032F}.Debug|Any CPU.ActiveCfg = Debug|Any CPU
		{15E8A59A-EC77-41B2-A6B1-86E323D9032F}.Debug|Any CPU.Build.0 = Debug|Any CPU
		{15E8A59A-EC77-41B2-A6B1-86E323D9032F}.Debug|Any CPU.Deploy.0 = Debug|Any CPU
		{15E8A59A-EC77-41B2-A6B1-86E323D9032F}.Debug|iPhone.ActiveCfg = Debug|Any CPU
		{15E8A59A-EC77-41B2-A6B1-86E323D9032F}.Debug|iPhone.Build.0 = Debug|Any CPU
		{15E8A59A-EC77-41B2-A6B1-86E323D9032F}.Debug|iPhone.Deploy.0 = Debug|Any CPU
		{15E8A59A-EC77-41B2-A6B1-86E323D9032F}.Debug|iPhoneSimulator.ActiveCfg = Debug|Any CPU
		{15E8A59A-EC77-41B2-A6B1-86E323D9032F}.Debug|iPhoneSimulator.Build.0 = Debug|Any CPU
		{15E8A59A-EC77-41B2-A6B1-86E323D9032F}.Debug|iPhoneSimulator.Deploy.0 = Debug|Any CPU
		{15E8A59A-EC77-41B2-A6B1-86E323D9032F}.Release|Any CPU.ActiveCfg = Release|Any CPU
		{15E8A59A-EC77-41B2-A6B1-86E323D9032F}.Release|Any CPU.Build.0 = Release|Any CPU
		{15E8A59A-EC77-41B2-A6B1-86E323D9032F}.Release|Any CPU.Deploy.0 = Release|Any CPU
		{15E8A59A-EC77-41B2-A6B1-86E323D9032F}.Release|iPhone.ActiveCfg = Release|Any CPU
		{15E8A59A-EC77-41B2-A6B1-86E323D9032F}.Release|iPhone.Build.0 = Release|Any CPU
		{15E8A59A-EC77-41B2-A6B1-86E323D9032F}.Release|iPhone.Deploy.0 = Release|Any CPU
		{15E8A59A-EC77-41B2-A6B1-86E323D9032F}.Release|iPhoneSimulator.ActiveCfg = Release|Any CPU
		{15E8A59A-EC77-41B2-A6B1-86E323D9032F}.Release|iPhoneSimulator.Build.0 = Release|Any CPU
		{15E8A59A-EC77-41B2-A6B1-86E323D9032F}.Release|iPhoneSimulator.Deploy.0 = Release|Any CPU
	EndGlobalSection
	GlobalSection(SolutionProperties) = preSolution
		HideSolutionNode = FALSE
	EndGlobalSection
	GlobalSection(ExtensibilityGlobals) = postSolution
		SolutionGuid = {B59A3D2A-04A9-40B4-BFE6-4B391D74D9E2}
	EndGlobalSection
EndGlobal
